PODS:
  - Alamofire (3.1.3)
  - OpenTok (2.7.0)
  - Realm (0.96.3):
    - Realm/Headers (= 0.96.3)
  - Realm/Headers (0.96.3)
  - RealmSwift (0.96.3):
    - Realm (= 0.96.3)

DEPENDENCIES:
  - Alamofire (~> 3.1)
  - OpenTok
  - RealmSwift

SPEC CHECKSUMS:
  Alamofire: 9f93b56389e48def9220dd57d1f44b1927229a5a
  OpenTok: 56dbc82766bd925d7b19c4b4468534014eace65d
  Realm: 145d3cdf78a03aee71bde5381ad7e542bd541720
  RealmSwift: aab84968aad662f61f36473d1aea019f63481505

COCOAPODS: 0.39.0
