// !$*UTF8*$!
{
	archiveVersion = 1;
	classes = {
	};
	objectVersion = 46;
	objects = {

/* Begin PBXBuildFile section */
		5151EDE31C1BFE19004CBF38 /* TOKPresenter.swift in Sources */ = {isa = PBXBuildFile; fileRef = 5151EDE21C1BFE19004CBF38 /* TOKPresenter.swift */; };
		5151EDE51C1C36A6004CBF38 /* ReadyView.swift in Sources */ = {isa = PBXBuildFile; fileRef = 5151EDE41C1C36A6004CBF38 /* ReadyView.swift */; };
		5151EDE81C1C5380004CBF38 /* Background.png in Resources */ = {isa = PBXBuildFile; fileRef = 5151EDE71C1C5380004CBF38 /* Background.png */; };
		5151EDED1C1C549F004CBF38 /* LogInPresenter.swift in Sources */ = {isa = PBXBuildFile; fileRef = 5151EDEC1C1C549F004CBF38 /* LogInPresenter.swift */; };
		5151EDEF1C1C5692004CBF38 /* MyoViewProtocol.swift in Sources */ = {isa = PBXBuildFile; fileRef = 5151EDEE1C1C5692004CBF38 /* MyoViewProtocol.swift */; };
		5151EDF31C1C57E0004CBF38 /* Pena.png in Resources */ = {isa = PBXBuildFile; fileRef = 5151EDF21C1C57E0004CBF38 /* Pena.png */; };
		51553CD11C1BF9D100424CB8 /* AppDelegate.swift in Sources */ = {isa = PBXBuildFile; fileRef = 51553CD01C1BF9D100424CB8 /* AppDelegate.swift */; };
		51553CD31C1BF9D100424CB8 /* ViewPresenter.swift in Sources */ = {isa = PBXBuildFile; fileRef = 51553CD21C1BF9D100424CB8 /* ViewPresenter.swift */; };
		51553CD81C1BF9D100424CB8 /* Assets.xcassets in Resources */ = {isa = PBXBuildFile; fileRef = 51553CD71C1BF9D100424CB8 /* Assets.xcassets */; };
		51553CDB1C1BF9D100424CB8 /* LaunchScreen.storyboard in Resources */ = {isa = PBXBuildFile; fileRef = 51553CD91C1BF9D100424CB8 /* LaunchScreen.storyboard */; };
		51553CE61C1BF9D100424CB8 /* Hackpuc_NewTests.swift in Sources */ = {isa = PBXBuildFile; fileRef = 51553CE51C1BF9D100424CB8 /* Hackpuc_NewTests.swift */; };
		51553CF11C1BF9D100424CB8 /* Hackpuc_NewUITests.swift in Sources */ = {isa = PBXBuildFile; fileRef = 51553CF01C1BF9D100424CB8 /* Hackpuc_NewUITests.swift */; };
		51553D041C1BFB4300424CB8 /* MYOPresenter.swift in Sources */ = {isa = PBXBuildFile; fileRef = 51553D031C1BFB4300424CB8 /* MYOPresenter.swift */; };
		51FF04B41C1C7AD000C4A946 /* ContactsPresenter.swift in Sources */ = {isa = PBXBuildFile; fileRef = 51FF04B31C1C7AD000C4A946 /* ContactsPresenter.swift */; };
		51FF04B61C1CA72000C4A946 /* MyoConnectView.swift in Sources */ = {isa = PBXBuildFile; fileRef = 51FF04B51C1CA72000C4A946 /* MyoConnectView.swift */; };
		51FF04B81C1CA75A00C4A946 /* MyoConnectPresenter.swift in Sources */ = {isa = PBXBuildFile; fileRef = 51FF04B71C1CA75A00C4A946 /* MyoConnectPresenter.swift */; };
		51FF04BB1C1CAFD800C4A946 /* MyoOff.png in Resources */ = {isa = PBXBuildFile; fileRef = 51FF04B91C1CAFD800C4A946 /* MyoOff.png */; };
		51FF04BC1C1CAFD800C4A946 /* MyoOn.png in Resources */ = {isa = PBXBuildFile; fileRef = 51FF04BA1C1CAFD800C4A946 /* MyoOn.png */; };
		94541FD51C1C9C9A0054D142 /* MyoKit.framework in Frameworks */ = {isa = PBXBuildFile; fileRef = 94541FD41C1C9C9A0054D142 /* MyoKit.framework */; };
		94541FD61C1C9CA10054D142 /* CoreBluetooth.framework in Frameworks */ = {isa = PBXBuildFile; fileRef = 94541FD01C1C9C2D0054D142 /* CoreBluetooth.framework */; };
		94541FD71C1C9CA60054D142 /* SystemConfiguration.framework in Frameworks */ = {isa = PBXBuildFile; fileRef = 94541FD21C1C9C340054D142 /* SystemConfiguration.framework */; };
		94541FDB1C1C9F520054D142 /* REALMContact.swift in Sources */ = {isa = PBXBuildFile; fileRef = 94541FDA1C1C9F520054D142 /* REALMContact.swift */; };
		94541FDD1C1CA4B80054D142 /* ContactsDAO.swift in Sources */ = {isa = PBXBuildFile; fileRef = 94541FDC1C1CA4B80054D142 /* ContactsDAO.swift */; };
		F27F500F1C1C52EF0075636A /* FP.swift in Sources */ = {isa = PBXBuildFile; fileRef = F27F500E1C1C52EF0075636A /* FP.swift */; };
		F27F50111C1C54450075636A /* FPColor.swift in Sources */ = {isa = PBXBuildFile; fileRef = F27F50101C1C54450075636A /* FPColor.swift */; };
		F27F50131C1C57C80075636A /* LogInView.swift in Sources */ = {isa = PBXBuildFile; fileRef = F27F50121C1C57C80075636A /* LogInView.swift */; };
		F27F50151C1C72B20075636A /* GeosansLight.ttf in Resources */ = {isa = PBXBuildFile; fileRef = F27F50141C1C72B20075636A /* GeosansLight.ttf */; };
		F29F7D6D1C1CA50A00767DE1 /* ContactsView.swift in Sources */ = {isa = PBXBuildFile; fileRef = F29F7D6C1C1CA50A00767DE1 /* ContactsView.swift */; };
		F29F7D6F1C1CC15900767DE1 /* back.png in Resources */ = {isa = PBXBuildFile; fileRef = F29F7D6E1C1CC15900767DE1 /* back.png */; };
		F29F7D711C1CD2B900767DE1 /* MsgView.swift in Sources */ = {isa = PBXBuildFile; fileRef = F29F7D701C1CD2B900767DE1 /* MsgView.swift */; };
		F29F7D731C1CD2EC00767DE1 /* MsgPresenter.swift in Sources */ = {isa = PBXBuildFile; fileRef = F29F7D721C1CD2EC00767DE1 /* MsgPresenter.swift */; };
		F2F5F1B91C1C3BA7000C3BD3 /* ModelView.swift in Sources */ = {isa = PBXBuildFile; fileRef = F2F5F1B81C1C3BA7000C3BD3 /* ModelView.swift */; };
		F2F5F1BB1C1C3BCE000C3BD3 /* ModelPresenter.swift in Sources */ = {isa = PBXBuildFile; fileRef = F2F5F1BA1C1C3BCE000C3BD3 /* ModelPresenter.swift */; };
		FD6E36802F7328C2BF609B2C /* Pods_Hackpuc_New.framework in Frameworks */ = {isa = PBXBuildFile; fileRef = 973125A1E0CC23EB01646F52 /* Pods_Hackpuc_New.framework */; };
/* End PBXBuildFile section */

/* Begin PBXContainerItemProxy section */
		51553CE21C1BF9D100424CB8 /* PBXContainerItemProxy */ = {
			isa = PBXContainerItemProxy;
			containerPortal = 51553CC51C1BF9D000424CB8 /* Project object */;
			proxyType = 1;
			remoteGlobalIDString = 51553CCC1C1BF9D000424CB8;
			remoteInfo = "Hackpuc-New";
		};
		51553CED1C1BF9D100424CB8 /* PBXContainerItemProxy */ = {
			isa = PBXContainerItemProxy;
			containerPortal = 51553CC51C1BF9D000424CB8 /* Project object */;
			proxyType = 1;
			remoteGlobalIDString = 51553CCC1C1BF9D000424CB8;
			remoteInfo = "Hackpuc-New";
		};
/* End PBXContainerItemProxy section */

/* Begin PBXFileReference section */
		01D949FE20E73058DCF34A2B /* Pods-Hackpuc-New.release.xcconfig */ = {isa = PBXFileReference; includeInIndex = 1; lastKnownFileType = text.xcconfig; name = "Pods-Hackpuc-New.release.xcconfig"; path = "Pods/Target Support Files/Pods-Hackpuc-New/Pods-Hackpuc-New.release.xcconfig"; sourceTree = "<group>"; };
		15E678EC0EFE471DC83D19A1 /* Pods-Hackpuc-New.debug.xcconfig */ = {isa = PBXFileReference; includeInIndex = 1; lastKnownFileType = text.xcconfig; name = "Pods-Hackpuc-New.debug.xcconfig"; path = "Pods/Target Support Files/Pods-Hackpuc-New/Pods-Hackpuc-New.debug.xcconfig"; sourceTree = "<group>"; };
		5151EDDF1C1BFDCA004CBF38 /* Hackpuc-New-Bridging-Header.h */ = {isa = PBXFileReference; lastKnownFileType = sourcecode.c.h; name = "Hackpuc-New-Bridging-Header.h"; path = "Hackpuc-New/Hackpuc-New-Bridging-Header.h"; sourceTree = SOURCE_ROOT; };
		5151EDE21C1BFE19004CBF38 /* TOKPresenter.swift */ = {isa = PBXFileReference; fileEncoding = 4; lastKnownFileType = sourcecode.swift; path = TOKPresenter.swift; sourceTree = "<group>"; };
		5151EDE41C1C36A6004CBF38 /* ReadyView.swift */ = {isa = PBXFileReference; fileEncoding = 4; lastKnownFileType = sourcecode.swift; path = ReadyView.swift; sourceTree = "<group>"; };
		5151EDE71C1C5380004CBF38 /* Background.png */ = {isa = PBXFileReference; lastKnownFileType = image.png; path = Background.png; sourceTree = "<group>"; };
		5151EDEC1C1C549F004CBF38 /* LogInPresenter.swift */ = {isa = PBXFileReference; fileEncoding = 4; lastKnownFileType = sourcecode.swift; path = LogInPresenter.swift; sourceTree = "<group>"; };
		5151EDEE1C1C5692004CBF38 /* MyoViewProtocol.swift */ = {isa = PBXFileReference; fileEncoding = 4; lastKnownFileType = sourcecode.swift; path = MyoViewProtocol.swift; sourceTree = "<group>"; };
		5151EDF21C1C57E0004CBF38 /* Pena.png */ = {isa = PBXFileReference; lastKnownFileType = image.png; path = Pena.png; sourceTree = "<group>"; };
		51553CCD1C1BF9D100424CB8 /* Hackpuc-New.app */ = {isa = PBXFileReference; explicitFileType = wrapper.application; includeInIndex = 0; path = "Hackpuc-New.app"; sourceTree = BUILT_PRODUCTS_DIR; };
		51553CD01C1BF9D100424CB8 /* AppDelegate.swift */ = {isa = PBXFileReference; lastKnownFileType = sourcecode.swift; path = AppDelegate.swift; sourceTree = "<group>"; };
		51553CD21C1BF9D100424CB8 /* ViewPresenter.swift */ = {isa = PBXFileReference; lastKnownFileType = sourcecode.swift; path = ViewPresenter.swift; sourceTree = "<group>"; };
		51553CD71C1BF9D100424CB8 /* Assets.xcassets */ = {isa = PBXFileReference; lastKnownFileType = folder.assetcatalog; path = Assets.xcassets; sourceTree = "<group>"; };
		51553CDA1C1BF9D100424CB8 /* Base */ = {isa = PBXFileReference; lastKnownFileType = file.storyboard; name = Base; path = Base.lproj/LaunchScreen.storyboard; sourceTree = "<group>"; };
		51553CDC1C1BF9D100424CB8 /* Info.plist */ = {isa = PBXFileReference; lastKnownFileType = text.plist.xml; path = Info.plist; sourceTree = "<group>"; };
		51553CE11C1BF9D100424CB8 /* Hackpuc-NewTests.xctest */ = {isa = PBXFileReference; explicitFileType = wrapper.cfbundle; includeInIndex = 0; path = "Hackpuc-NewTests.xctest"; sourceTree = BUILT_PRODUCTS_DIR; };
		51553CE51C1BF9D100424CB8 /* Hackpuc_NewTests.swift */ = {isa = PBXFileReference; lastKnownFileType = sourcecode.swift; path = Hackpuc_NewTests.swift; sourceTree = "<group>"; };
		51553CE71C1BF9D100424CB8 /* Info.plist */ = {isa = PBXFileReference; lastKnownFileType = text.plist.xml; path = Info.plist; sourceTree = "<group>"; };
		51553CEC1C1BF9D100424CB8 /* Hackpuc-NewUITests.xctest */ = {isa = PBXFileReference; explicitFileType = wrapper.cfbundle; includeInIndex = 0; path = "Hackpuc-NewUITests.xctest"; sourceTree = BUILT_PRODUCTS_DIR; };
		51553CF01C1BF9D100424CB8 /* Hackpuc_NewUITests.swift */ = {isa = PBXFileReference; lastKnownFileType = sourcecode.swift; path = Hackpuc_NewUITests.swift; sourceTree = "<group>"; };
		51553CF21C1BF9D100424CB8 /* Info.plist */ = {isa = PBXFileReference; lastKnownFileType = text.plist.xml; path = Info.plist; sourceTree = "<group>"; };
		51553D031C1BFB4300424CB8 /* MYOPresenter.swift */ = {isa = PBXFileReference; fileEncoding = 4; lastKnownFileType = sourcecode.swift; path = MYOPresenter.swift; sourceTree = "<group>"; };
		51FF04B31C1C7AD000C4A946 /* ContactsPresenter.swift */ = {isa = PBXFileReference; fileEncoding = 4; lastKnownFileType = sourcecode.swift; path = ContactsPresenter.swift; sourceTree = "<group>"; };
		51FF04B51C1CA72000C4A946 /* MyoConnectView.swift */ = {isa = PBXFileReference; fileEncoding = 4; lastKnownFileType = sourcecode.swift; path = MyoConnectView.swift; sourceTree = "<group>"; };
		51FF04B71C1CA75A00C4A946 /* MyoConnectPresenter.swift */ = {isa = PBXFileReference; fileEncoding = 4; lastKnownFileType = sourcecode.swift; path = MyoConnectPresenter.swift; sourceTree = "<group>"; };
		51FF04B91C1CAFD800C4A946 /* MyoOff.png */ = {isa = PBXFileReference; lastKnownFileType = image.png; path = MyoOff.png; sourceTree = "<group>"; };
		51FF04BA1C1CAFD800C4A946 /* MyoOn.png */ = {isa = PBXFileReference; lastKnownFileType = image.png; path = MyoOn.png; sourceTree = "<group>"; };
		94541FD01C1C9C2D0054D142 /* CoreBluetooth.framework */ = {isa = PBXFileReference; lastKnownFileType = wrapper.framework; name = CoreBluetooth.framework; path = System/Library/Frameworks/CoreBluetooth.framework; sourceTree = SDKROOT; };
		94541FD21C1C9C340054D142 /* SystemConfiguration.framework */ = {isa = PBXFileReference; lastKnownFileType = wrapper.framework; name = SystemConfiguration.framework; path = System/Library/Frameworks/SystemConfiguration.framework; sourceTree = SDKROOT; };
		94541FD41C1C9C9A0054D142 /* MyoKit.framework */ = {isa = PBXFileReference; lastKnownFileType = wrapper.framework; path = MyoKit.framework; sourceTree = "<group>"; };
		94541FDA1C1C9F520054D142 /* REALMContact.swift */ = {isa = PBXFileReference; fileEncoding = 4; lastKnownFileType = sourcecode.swift; path = REALMContact.swift; sourceTree = "<group>"; };
		94541FDC1C1CA4B80054D142 /* ContactsDAO.swift */ = {isa = PBXFileReference; fileEncoding = 4; lastKnownFileType = sourcecode.swift; path = ContactsDAO.swift; sourceTree = "<group>"; };
		973125A1E0CC23EB01646F52 /* Pods_Hackpuc_New.framework */ = {isa = PBXFileReference; explicitFileType = wrapper.framework; includeInIndex = 0; path = Pods_Hackpuc_New.framework; sourceTree = BUILT_PRODUCTS_DIR; };
		F27F500E1C1C52EF0075636A /* FP.swift */ = {isa = PBXFileReference; fileEncoding = 4; lastKnownFileType = sourcecode.swift; path = FP.swift; sourceTree = "<group>"; };
		F27F50101C1C54450075636A /* FPColor.swift */ = {isa = PBXFileReference; fileEncoding = 4; lastKnownFileType = sourcecode.swift; path = FPColor.swift; sourceTree = "<group>"; };
		F27F50121C1C57C80075636A /* LogInView.swift */ = {isa = PBXFileReference; fileEncoding = 4; lastKnownFileType = sourcecode.swift; path = LogInView.swift; sourceTree = "<group>"; };
		F27F50141C1C72B20075636A /* GeosansLight.ttf */ = {isa = PBXFileReference; lastKnownFileType = file; path = GeosansLight.ttf; sourceTree = "<group>"; };
		F29F7D6C1C1CA50A00767DE1 /* ContactsView.swift */ = {isa = PBXFileReference; fileEncoding = 4; lastKnownFileType = sourcecode.swift; path = ContactsView.swift; sourceTree = "<group>"; };
		F29F7D6E1C1CC15900767DE1 /* back.png */ = {isa = PBXFileReference; lastKnownFileType = image.png; path = back.png; sourceTree = "<group>"; };
		F29F7D701C1CD2B900767DE1 /* MsgView.swift */ = {isa = PBXFileReference; fileEncoding = 4; lastKnownFileType = sourcecode.swift; path = MsgView.swift; sourceTree = "<group>"; };
		F29F7D721C1CD2EC00767DE1 /* MsgPresenter.swift */ = {isa = PBXFileReference; fileEncoding = 4; lastKnownFileType = sourcecode.swift; path = MsgPresenter.swift; sourceTree = "<group>"; };
		F2F5F1B81C1C3BA7000C3BD3 /* ModelView.swift */ = {isa = PBXFileReference; fileEncoding = 4; lastKnownFileType = sourcecode.swift; path = ModelView.swift; sourceTree = "<group>"; };
		F2F5F1BA1C1C3BCE000C3BD3 /* ModelPresenter.swift */ = {isa = PBXFileReference; fileEncoding = 4; lastKnownFileType = sourcecode.swift; path = ModelPresenter.swift; sourceTree = "<group>"; };
/* End PBXFileReference section */

/* Begin PBXFrameworksBuildPhase section */
		51553CCA1C1BF9D000424CB8 /* Frameworks */ = {
			isa = PBXFrameworksBuildPhase;
			buildActionMask = 2147483647;
			files = (
				94541FD71C1C9CA60054D142 /* SystemConfiguration.framework in Frameworks */,
				94541FD61C1C9CA10054D142 /* CoreBluetooth.framework in Frameworks */,
				FD6E36802F7328C2BF609B2C /* Pods_Hackpuc_New.framework in Frameworks */,
				94541FD51C1C9C9A0054D142 /* MyoKit.framework in Frameworks */,
			);
			runOnlyForDeploymentPostprocessing = 0;
		};
		51553CDE1C1BF9D100424CB8 /* Frameworks */ = {
			isa = PBXFrameworksBuildPhase;
			buildActionMask = 2147483647;
			files = (
			);
			runOnlyForDeploymentPostprocessing = 0;
		};
		51553CE91C1BF9D100424CB8 /* Frameworks */ = {
			isa = PBXFrameworksBuildPhase;
			buildActionMask = 2147483647;
			files = (
			);
			runOnlyForDeploymentPostprocessing = 0;
		};
/* End PBXFrameworksBuildPhase section */

/* Begin PBXGroup section */
		0902B817F58F2B793192FDD7 /* Pods */ = {
			isa = PBXGroup;
			children = (
				15E678EC0EFE471DC83D19A1 /* Pods-Hackpuc-New.debug.xcconfig */,
				01D949FE20E73058DCF34A2B /* Pods-Hackpuc-New.release.xcconfig */,
			);
			name = Pods;
			sourceTree = "<group>";
		};
		5151EDE61C1C5374004CBF38 /* Images */ = {
			isa = PBXGroup;
			children = (
				F29F7D6E1C1CC15900767DE1 /* back.png */,
				51FF04B91C1CAFD800C4A946 /* MyoOff.png */,
				51FF04BA1C1CAFD800C4A946 /* MyoOn.png */,
				5151EDF21C1C57E0004CBF38 /* Pena.png */,
				5151EDE71C1C5380004CBF38 /* Background.png */,
			);
			name = Images;
			sourceTree = "<group>";
		};
		51553CC41C1BF9D000424CB8 = {
			isa = PBXGroup;
			children = (
				F27F50141C1C72B20075636A /* GeosansLight.ttf */,
				51553CCF1C1BF9D100424CB8 /* Hackpuc-New */,
				51553CE41C1BF9D100424CB8 /* Hackpuc-NewTests */,
				51553CEF1C1BF9D100424CB8 /* Hackpuc-NewUITests */,
				51553CCE1C1BF9D100424CB8 /* Products */,
				0902B817F58F2B793192FDD7 /* Pods */,
				B12A76E5F913F32B5F7E1BC8 /* Frameworks */,
			);
			sourceTree = "<group>";
		};
		51553CCE1C1BF9D100424CB8 /* Products */ = {
			isa = PBXGroup;
			children = (
				51553CCD1C1BF9D100424CB8 /* Hackpuc-New.app */,
				51553CE11C1BF9D100424CB8 /* Hackpuc-NewTests.xctest */,
				51553CEC1C1BF9D100424CB8 /* Hackpuc-NewUITests.xctest */,
			);
			name = Products;
			sourceTree = "<group>";
		};
		51553CCF1C1BF9D100424CB8 /* Hackpuc-New */ = {
			isa = PBXGroup;
			children = (
				94541FD21C1C9C340054D142 /* SystemConfiguration.framework */,
				94541FD01C1C9C2D0054D142 /* CoreBluetooth.framework */,
				94541FD41C1C9C9A0054D142 /* MyoKit.framework */,
				51553CD01C1BF9D100424CB8 /* AppDelegate.swift */,
				5151EDDF1C1BFDCA004CBF38 /* Hackpuc-New-Bridging-Header.h */,
				94541FC71C1C97D90054D142 /* DAO */,
				94541FC41C1C97100054D142 /* Protocol */,
				5151EDE61C1C5374004CBF38 /* Images */,
				51553D021C1BFA0700424CB8 /* Router */,
				51553D001C1BF9EB00424CB8 /* Entity */,
				51553CFF1C1BF9E600424CB8 /* Presenter */,
				51553D011C1BF9F500424CB8 /* Interactor */,
				51553CFE1C1BF9E200424CB8 /* View */,
				51553CD71C1BF9D100424CB8 /* Assets.xcassets */,
				51553CD91C1BF9D100424CB8 /* LaunchScreen.storyboard */,
				51553CDC1C1BF9D100424CB8 /* Info.plist */,
			);
			path = "Hackpuc-New";
			sourceTree = "<group>";
		};
		51553CE41C1BF9D100424CB8 /* Hackpuc-NewTests */ = {
			isa = PBXGroup;
			children = (
				51553CE51C1BF9D100424CB8 /* Hackpuc_NewTests.swift */,
				51553CE71C1BF9D100424CB8 /* Info.plist */,
			);
			path = "Hackpuc-NewTests";
			sourceTree = "<group>";
		};
		51553CEF1C1BF9D100424CB8 /* Hackpuc-NewUITests */ = {
			isa = PBXGroup;
			children = (
				51553CF01C1BF9D100424CB8 /* Hackpuc_NewUITests.swift */,
				51553CF21C1BF9D100424CB8 /* Info.plist */,
			);
			path = "Hackpuc-NewUITests";
			sourceTree = "<group>";
		};
		51553CFE1C1BF9E200424CB8 /* View */ = {
			isa = PBXGroup;
			children = (
				5151EDE41C1C36A6004CBF38 /* ReadyView.swift */,
				F2F5F1B81C1C3BA7000C3BD3 /* ModelView.swift */,
				F27F50121C1C57C80075636A /* LogInView.swift */,
				51FF04B51C1CA72000C4A946 /* MyoConnectView.swift */,
				F29F7D6C1C1CA50A00767DE1 /* ContactsView.swift */,
				F29F7D701C1CD2B900767DE1 /* MsgView.swift */,
			);
			name = View;
			sourceTree = "<group>";
		};
		51553CFF1C1BF9E600424CB8 /* Presenter */ = {
			isa = PBXGroup;
			children = (
				51553CD21C1BF9D100424CB8 /* ViewPresenter.swift */,
				51553D031C1BFB4300424CB8 /* MYOPresenter.swift */,
				5151EDE21C1BFE19004CBF38 /* TOKPresenter.swift */,
				F2F5F1BA1C1C3BCE000C3BD3 /* ModelPresenter.swift */,
				5151EDEC1C1C549F004CBF38 /* LogInPresenter.swift */,
				51FF04B31C1C7AD000C4A946 /* ContactsPresenter.swift */,
				51FF04B71C1CA75A00C4A946 /* MyoConnectPresenter.swift */,
				F29F7D721C1CD2EC00767DE1 /* MsgPresenter.swift */,
			);
			name = Presenter;
			sourceTree = "<group>";
		};
		51553D001C1BF9EB00424CB8 /* Entity */ = {
			isa = PBXGroup;
			children = (
				F27F500E1C1C52EF0075636A /* FP.swift */,
				F27F50101C1C54450075636A /* FPColor.swift */,
				94541FDA1C1C9F520054D142 /* REALMContact.swift */,
			);
			name = Entity;
			sourceTree = "<group>";
		};
		51553D011C1BF9F500424CB8 /* Interactor */ = {
			isa = PBXGroup;
			children = (
			);
			name = Interactor;
			sourceTree = "<group>";
		};
		51553D021C1BFA0700424CB8 /* Router */ = {
			isa = PBXGroup;
			children = (
			);
			name = Router;
			sourceTree = "<group>";
		};
		94541FC41C1C97100054D142 /* Protocol */ = {
			isa = PBXGroup;
			children = (
				5151EDEE1C1C5692004CBF38 /* MyoViewProtocol.swift */,
			);
			name = Protocol;
			sourceTree = "<group>";
		};
		94541FC71C1C97D90054D142 /* DAO */ = {
			isa = PBXGroup;
			children = (
				94541FDC1C1CA4B80054D142 /* ContactsDAO.swift */,
			);
			name = DAO;
			sourceTree = "<group>";
		};
		B12A76E5F913F32B5F7E1BC8 /* Frameworks */ = {
			isa = PBXGroup;
			children = (
				973125A1E0CC23EB01646F52 /* Pods_Hackpuc_New.framework */,
			);
			name = Frameworks;
			sourceTree = "<group>";
		};
/* End PBXGroup section */

/* Begin PBXNativeTarget section */
		51553CCC1C1BF9D000424CB8 /* Hackpuc-New */ = {
			isa = PBXNativeTarget;
			buildConfigurationList = 51553CF51C1BF9D100424CB8 /* Build configuration list for PBXNativeTarget "Hackpuc-New" */;
			buildPhases = (
				123A1119EFC05DCC2703E934 /* Check Pods Manifest.lock */,
				51553CC91C1BF9D000424CB8 /* Sources */,
				51553CCA1C1BF9D000424CB8 /* Frameworks */,
				51553CCB1C1BF9D000424CB8 /* Resources */,
				28F52A42BF31D870A433A845 /* Embed Pods Frameworks */,
				7F7621143878D43A6D88F260 /* Copy Pods Resources */,
			);
			buildRules = (
			);
			dependencies = (
			);
			name = "Hackpuc-New";
			productName = "Hackpuc-New";
			productReference = 51553CCD1C1BF9D100424CB8 /* Hackpuc-New.app */;
			productType = "com.apple.product-type.application";
		};
		51553CE01C1BF9D100424CB8 /* Hackpuc-NewTests */ = {
			isa = PBXNativeTarget;
			buildConfigurationList = 51553CF81C1BF9D100424CB8 /* Build configuration list for PBXNativeTarget "Hackpuc-NewTests" */;
			buildPhases = (
				51553CDD1C1BF9D100424CB8 /* Sources */,
				51553CDE1C1BF9D100424CB8 /* Frameworks */,
				51553CDF1C1BF9D100424CB8 /* Resources */,
			);
			buildRules = (
			);
			dependencies = (
				51553CE31C1BF9D100424CB8 /* PBXTargetDependency */,
			);
			name = "Hackpuc-NewTests";
			productName = "Hackpuc-NewTests";
			productReference = 51553CE11C1BF9D100424CB8 /* Hackpuc-NewTests.xctest */;
			productType = "com.apple.product-type.bundle.unit-test";
		};
		51553CEB1C1BF9D100424CB8 /* Hackpuc-NewUITests */ = {
			isa = PBXNativeTarget;
			buildConfigurationList = 51553CFB1C1BF9D100424CB8 /* Build configuration list for PBXNativeTarget "Hackpuc-NewUITests" */;
			buildPhases = (
				51553CE81C1BF9D100424CB8 /* Sources */,
				51553CE91C1BF9D100424CB8 /* Frameworks */,
				51553CEA1C1BF9D100424CB8 /* Resources */,
			);
			buildRules = (
			);
			dependencies = (
				51553CEE1C1BF9D100424CB8 /* PBXTargetDependency */,
			);
			name = "Hackpuc-NewUITests";
			productName = "Hackpuc-NewUITests";
			productReference = 51553CEC1C1BF9D100424CB8 /* Hackpuc-NewUITests.xctest */;
			productType = "com.apple.product-type.bundle.ui-testing";
		};
/* End PBXNativeTarget section */

/* Begin PBXProject section */
		51553CC51C1BF9D000424CB8 /* Project object */ = {
			isa = PBXProject;
			attributes = {
				LastSwiftUpdateCheck = 0720;
				LastUpgradeCheck = 0720;
				ORGANIZATIONNAME = Grupo13;
				TargetAttributes = {
					51553CCC1C1BF9D000424CB8 = {
						CreatedOnToolsVersion = 7.2;
					};
					51553CE01C1BF9D100424CB8 = {
						CreatedOnToolsVersion = 7.2;
						TestTargetID = 51553CCC1C1BF9D000424CB8;
					};
					51553CEB1C1BF9D100424CB8 = {
						CreatedOnToolsVersion = 7.2;
						TestTargetID = 51553CCC1C1BF9D000424CB8;
					};
				};
			};
			buildConfigurationList = 51553CC81C1BF9D000424CB8 /* Build configuration list for PBXProject "Hackpuc-New" */;
			compatibilityVersion = "Xcode 3.2";
			developmentRegion = English;
			hasScannedForEncodings = 0;
			knownRegions = (
				en,
				Base,
			);
			mainGroup = 51553CC41C1BF9D000424CB8;
			productRefGroup = 51553CCE1C1BF9D100424CB8 /* Products */;
			projectDirPath = "";
			projectRoot = "";
			targets = (
				51553CCC1C1BF9D000424CB8 /* Hackpuc-New */,
				51553CE01C1BF9D100424CB8 /* Hackpuc-NewTests */,
				51553CEB1C1BF9D100424CB8 /* Hackpuc-NewUITests */,
			);
		};
/* End PBXProject section */

/* Begin PBXResourcesBuildPhase section */
		51553CCB1C1BF9D000424CB8 /* Resources */ = {
			isa = PBXResourcesBuildPhase;
			buildActionMask = 2147483647;
			files = (
				5151EDE81C1C5380004CBF38 /* Background.png in Resources */,
				51FF04BB1C1CAFD800C4A946 /* MyoOff.png in Resources */,
				51553CDB1C1BF9D100424CB8 /* LaunchScreen.storyboard in Resources */,
				F27F50151C1C72B20075636A /* GeosansLight.ttf in Resources */,
				F29F7D6F1C1CC15900767DE1 /* back.png in Resources */,
				51FF04BC1C1CAFD800C4A946 /* MyoOn.png in Resources */,
				51553CD81C1BF9D100424CB8 /* Assets.xcassets in Resources */,
				5151EDF31C1C57E0004CBF38 /* Pena.png in Resources */,
			);
			runOnlyForDeploymentPostprocessing = 0;
		};
		51553CDF1C1BF9D100424CB8 /* Resources */ = {
			isa = PBXResourcesBuildPhase;
			buildActionMask = 2147483647;
			files = (
			);
			runOnlyForDeploymentPostprocessing = 0;
		};
		51553CEA1C1BF9D100424CB8 /* Resources */ = {
			isa = PBXResourcesBuildPhase;
			buildActionMask = 2147483647;
			files = (
			);
			runOnlyForDeploymentPostprocessing = 0;
		};
/* End PBXResourcesBuildPhase section */

/* Begin PBXShellScriptBuildPhase section */
		123A1119EFC05DCC2703E934 /* Check Pods Manifest.lock */ = {
			isa = PBXShellScriptBuildPhase;
			buildActionMask = 2147483647;
			files = (
			);
			inputPaths = (
			);
			name = "Check Pods Manifest.lock";
			outputPaths = (
			);
			runOnlyForDeploymentPostprocessing = 0;
			shellPath = /bin/sh;
			shellScript = "diff \"${PODS_ROOT}/../Podfile.lock\" \"${PODS_ROOT}/Manifest.lock\" > /dev/null\nif [[ $? != 0 ]] ; then\n    cat << EOM\nerror: The sandbox is not in sync with the Podfile.lock. Run 'pod install' or update your CocoaPods installation.\nEOM\n    exit 1\nfi\n";
			showEnvVarsInLog = 0;
		};
		28F52A42BF31D870A433A845 /* Embed Pods Frameworks */ = {
			isa = PBXShellScriptBuildPhase;
			buildActionMask = 2147483647;
			files = (
			);
			inputPaths = (
			);
			name = "Embed Pods Frameworks";
			outputPaths = (
			);
			runOnlyForDeploymentPostprocessing = 0;
			shellPath = /bin/sh;
			shellScript = "\"${SRCROOT}/Pods/Target Support Files/Pods-Hackpuc-New/Pods-Hackpuc-New-frameworks.sh\"\n";
			showEnvVarsInLog = 0;
		};
		7F7621143878D43A6D88F260 /* Copy Pods Resources */ = {
			isa = PBXShellScriptBuildPhase;
			buildActionMask = 2147483647;
			files = (
			);
			inputPaths = (
			);
			name = "Copy Pods Resources";
			outputPaths = (
			);
			runOnlyForDeploymentPostprocessing = 0;
			shellPath = /bin/sh;
			shellScript = "\"${SRCROOT}/Pods/Target Support Files/Pods-Hackpuc-New/Pods-Hackpuc-New-resources.sh\"\n";
			showEnvVarsInLog = 0;
		};
/* End PBXShellScriptBuildPhase section */

/* Begin PBXSourcesBuildPhase section */
		51553CC91C1BF9D000424CB8 /* Sources */ = {
			isa = PBXSourcesBuildPhase;
			buildActionMask = 2147483647;
			files = (
				94541FDB1C1C9F520054D142 /* REALMContact.swift in Sources */,
				51FF04B61C1CA72000C4A946 /* MyoConnectView.swift in Sources */,
				F2F5F1B91C1C3BA7000C3BD3 /* ModelView.swift in Sources */,
				F29F7D711C1CD2B900767DE1 /* MsgView.swift in Sources */,
				F29F7D731C1CD2EC00767DE1 /* MsgPresenter.swift in Sources */,
				F27F50131C1C57C80075636A /* LogInView.swift in Sources */,
				F29F7D6D1C1CA50A00767DE1 /* ContactsView.swift in Sources */,
				F27F500F1C1C52EF0075636A /* FP.swift in Sources */,
				5151EDED1C1C549F004CBF38 /* LogInPresenter.swift in Sources */,
				51553CD31C1BF9D100424CB8 /* ViewPresenter.swift in Sources */,
				5151EDE51C1C36A6004CBF38 /* ReadyView.swift in Sources */,
				51553D041C1BFB4300424CB8 /* MYOPresenter.swift in Sources */,
				5151EDEF1C1C5692004CBF38 /* MyoViewProtocol.swift in Sources */,
				94541FDD1C1CA4B80054D142 /* ContactsDAO.swift in Sources */,
				51553CD11C1BF9D100424CB8 /* AppDelegate.swift in Sources */,
				51FF04B81C1CA75A00C4A946 /* MyoConnectPresenter.swift in Sources */,
				F2F5F1BB1C1C3BCE000C3BD3 /* ModelPresenter.swift in Sources */,
				51FF04B41C1C7AD000C4A946 /* ContactsPresenter.swift in Sources */,
				5151EDE31C1BFE19004CBF38 /* TOKPresenter.swift in Sources */,
				F27F50111C1C54450075636A /* FPColor.swift in Sources */,
			);
			runOnlyForDeploymentPostprocessing = 0;
		};
		51553CDD1C1BF9D100424CB8 /* Sources */ = {
			isa = PBXSourcesBuildPhase;
			buildActionMask = 2147483647;
			files = (
				51553CE61C1BF9D100424CB8 /* Hackpuc_NewTests.swift in Sources */,
			);
			runOnlyForDeploymentPostprocessing = 0;
		};
		51553CE81C1BF9D100424CB8 /* Sources */ = {
			isa = PBXSourcesBuildPhase;
			buildActionMask = 2147483647;
			files = (
				51553CF11C1BF9D100424CB8 /* Hackpuc_NewUITests.swift in Sources */,
			);
			runOnlyForDeploymentPostprocessing = 0;
		};
/* End PBXSourcesBuildPhase section */

/* Begin PBXTargetDependency section */
		51553CE31C1BF9D100424CB8 /* PBXTargetDependency */ = {
			isa = PBXTargetDependency;
			target = 51553CCC1C1BF9D000424CB8 /* Hackpuc-New */;
			targetProxy = 51553CE21C1BF9D100424CB8 /* PBXContainerItemProxy */;
		};
		51553CEE1C1BF9D100424CB8 /* PBXTargetDependency */ = {
			isa = PBXTargetDependency;
			target = 51553CCC1C1BF9D000424CB8 /* Hackpuc-New */;
			targetProxy = 51553CED1C1BF9D100424CB8 /* PBXContainerItemProxy */;
		};
/* End PBXTargetDependency section */

/* Begin PBXVariantGroup section */
		51553CD91C1BF9D100424CB8 /* LaunchScreen.storyboard */ = {
			isa = PBXVariantGroup;
			children = (
				51553CDA1C1BF9D100424CB8 /* Base */,
			);
			name = LaunchScreen.storyboard;
			sourceTree = "<group>";
		};
/* End PBXVariantGroup section */

/* Begin XCBuildConfiguration section */
		51553CF31C1BF9D100424CB8 /* Debug */ = {
			isa = XCBuildConfiguration;
			buildSettings = {
				ALWAYS_SEARCH_USER_PATHS = NO;
				CLANG_CXX_LANGUAGE_STANDARD = "gnu++0x";
				CLANG_CXX_LIBRARY = "libc++";
				CLANG_ENABLE_MODULES = YES;
				CLANG_ENABLE_OBJC_ARC = YES;
				CLANG_WARN_BOOL_CONVERSION = YES;
				CLANG_WARN_CONSTANT_CONVERSION = YES;
				CLANG_WARN_DIRECT_OBJC_ISA_USAGE = YES_ERROR;
				CLANG_WARN_EMPTY_BODY = YES;
				CLANG_WARN_ENUM_CONVERSION = YES;
				CLANG_WARN_INT_CONVERSION = YES;
				CLANG_WARN_OBJC_ROOT_CLASS = YES_ERROR;
				CLANG_WARN_UNREACHABLE_CODE = YES;
				CLANG_WARN__DUPLICATE_METHOD_MATCH = YES;
				"CODE_SIGN_IDENTITY[sdk=iphoneos*]" = "iPhone Developer";
				COPY_PHASE_STRIP = NO;
				DEBUG_INFORMATION_FORMAT = dwarf;
				ENABLE_STRICT_OBJC_MSGSEND = YES;
				ENABLE_TESTABILITY = YES;
				GCC_C_LANGUAGE_STANDARD = gnu99;
				GCC_DYNAMIC_NO_PIC = NO;
				GCC_NO_COMMON_BLOCKS = YES;
				GCC_OPTIMIZATION_LEVEL = 0;
				GCC_PREPROCESSOR_DEFINITIONS = (
					"DEBUG=1",
					"$(inherited)",
				);
				GCC_WARN_64_TO_32_BIT_CONVERSION = YES;
				GCC_WARN_ABOUT_RETURN_TYPE = YES_ERROR;
				GCC_WARN_UNDECLARED_SELECTOR = YES;
				GCC_WARN_UNINITIALIZED_AUTOS = YES_AGGRESSIVE;
				GCC_WARN_UNUSED_FUNCTION = YES;
				GCC_WARN_UNUSED_VARIABLE = YES;
				IPHONEOS_DEPLOYMENT_TARGET = 9.2;
				MTL_ENABLE_DEBUG_INFO = YES;
				ONLY_ACTIVE_ARCH = YES;
				SDKROOT = iphoneos;
				SWIFT_OPTIMIZATION_LEVEL = "-Onone";
			};
			name = Debug;
		};
		51553CF41C1BF9D100424CB8 /* Release */ = {
			isa = XCBuildConfiguration;
			buildSettings = {
				ALWAYS_SEARCH_USER_PATHS = NO;
				CLANG_CXX_LANGUAGE_STANDARD = "gnu++0x";
				CLANG_CXX_LIBRARY = "libc++";
				CLANG_ENABLE_MODULES = YES;
				CLANG_ENABLE_OBJC_ARC = YES;
				CLANG_WARN_BOOL_CONVERSION = YES;
				CLANG_WARN_CONSTANT_CONVERSION = YES;
				CLANG_WARN_DIRECT_OBJC_ISA_USAGE = YES_ERROR;
				CLANG_WARN_EMPTY_BODY = YES;
				CLANG_WARN_ENUM_CONVERSION = YES;
				CLANG_WARN_INT_CONVERSION = YES;
				CLANG_WARN_OBJC_ROOT_CLASS = YES_ERROR;
				CLANG_WARN_UNREACHABLE_CODE = YES;
				CLANG_WARN__DUPLICATE_METHOD_MATCH = YES;
				"CODE_SIGN_IDENTITY[sdk=iphoneos*]" = "iPhone Developer";
				COPY_PHASE_STRIP = NO;
				DEBUG_INFORMATION_FORMAT = "dwarf-with-dsym";
				ENABLE_NS_ASSERTIONS = NO;
				ENABLE_STRICT_OBJC_MSGSEND = YES;
				GCC_C_LANGUAGE_STANDARD = gnu99;
				GCC_NO_COMMON_BLOCKS = YES;
				GCC_WARN_64_TO_32_BIT_CONVERSION = YES;
				GCC_WARN_ABOUT_RETURN_TYPE = YES_ERROR;
				GCC_WARN_UNDECLARED_SELECTOR = YES;
				GCC_WARN_UNINITIALIZED_AUTOS = YES_AGGRESSIVE;
				GCC_WARN_UNUSED_FUNCTION = YES;
				GCC_WARN_UNUSED_VARIABLE = YES;
				IPHONEOS_DEPLOYMENT_TARGET = 9.2;
				MTL_ENABLE_DEBUG_INFO = NO;
				SDKROOT = iphoneos;
				VALIDATE_PRODUCT = YES;
			};
			name = Release;
		};
		51553CF61C1BF9D100424CB8 /* Debug */ = {
			isa = XCBuildConfiguration;
			baseConfigurationReference = 15E678EC0EFE471DC83D19A1 /* Pods-Hackpuc-New.debug.xcconfig */;
			buildSettings = {
				ASSETCATALOG_COMPILER_APPICON_NAME = AppIcon;
				CLANG_ENABLE_MODULES = YES;
				ENABLE_BITCODE = NO;
				FRAMEWORK_SEARCH_PATHS = (
					"$(inherited)",
					"$(PROJECT_DIR)/Hackpuc-New",
				);
				INFOPLIST_FILE = "Hackpuc-New/Info.plist";
				IPHONEOS_DEPLOYMENT_TARGET = 9.2;
				LD_RUNPATH_SEARCH_PATHS = "$(inherited) @executable_path/Frameworks";
				PRODUCT_BUNDLE_IDENTIFIER = "H4CKPUC.Hackpuc-New";
				PRODUCT_NAME = "$(TARGET_NAME)";
				SWIFT_OBJC_BRIDGING_HEADER = "Hackpuc-New/Hackpuc-New-Bridging-Header.h";
				SWIFT_OPTIMIZATION_LEVEL = "-Onone";
			};
			name = Debug;
		};
		51553CF71C1BF9D100424CB8 /* Release */ = {
			isa = XCBuildConfiguration;
			baseConfigurationReference = 01D949FE20E73058DCF34A2B /* Pods-Hackpuc-New.release.xcconfig */;
			buildSettings = {
				ASSETCATALOG_COMPILER_APPICON_NAME = AppIcon;
				CLANG_ENABLE_MODULES = YES;
				ENABLE_BITCODE = NO;
				FRAMEWORK_SEARCH_PATHS = (
					"$(inherited)",
					"$(PROJECT_DIR)/Hackpuc-New",
				);
				INFOPLIST_FILE = "Hackpuc-New/Info.plist";
				IPHONEOS_DEPLOYMENT_TARGET = 9.2;
				LD_RUNPATH_SEARCH_PATHS = "$(inherited) @executable_path/Frameworks";
				PRODUCT_BUNDLE_IDENTIFIER = "H4CKPUC.Hackpuc-New";
				PRODUCT_NAME = "$(TARGET_NAME)";
				SWIFT_OBJC_BRIDGING_HEADER = "Hackpuc-New/Hackpuc-New-Bridging-Header.h";
			};
			name = Release;
		};
		51553CF91C1BF9D100424CB8 /* Debug */ = {
			isa = XCBuildConfiguration;
			buildSettings = {
				BUNDLE_LOADER = "$(TEST_HOST)";
				INFOPLIST_FILE = "Hackpuc-NewTests/Info.plist";
				LD_RUNPATH_SEARCH_PATHS = "$(inherited) @executable_path/Frameworks @loader_path/Frameworks";
				PRODUCT_BUNDLE_IDENTIFIER = "H4CKPUC.Hackpuc-NewTests";
				PRODUCT_NAME = "$(TARGET_NAME)";
				TEST_HOST = "$(BUILT_PRODUCTS_DIR)/Hackpuc-New.app/Hackpuc-New";
			};
			name = Debug;
		};
		51553CFA1C1BF9D100424CB8 /* Release */ = {
			isa = XCBuildConfiguration;
			buildSettings = {
				BUNDLE_LOADER = "$(TEST_HOST)";
				INFOPLIST_FILE = "Hackpuc-NewTests/Info.plist";
				LD_RUNPATH_SEARCH_PATHS = "$(inherited) @executable_path/Frameworks @loader_path/Frameworks";
				PRODUCT_BUNDLE_IDENTIFIER = "H4CKPUC.Hackpuc-NewTests";
				PRODUCT_NAME = "$(TARGET_NAME)";
				TEST_HOST = "$(BUILT_PRODUCTS_DIR)/Hackpuc-New.app/Hackpuc-New";
			};
			name = Release;
		};
		51553CFC1C1BF9D100424CB8 /* Debug */ = {
			isa = XCBuildConfiguration;
			buildSettings = {
				INFOPLIST_FILE = "Hackpuc-NewUITests/Info.plist";
				LD_RUNPATH_SEARCH_PATHS = "$(inherited) @executable_path/Frameworks @loader_path/Frameworks";
				PRODUCT_BUNDLE_IDENTIFIER = "H4CKPUC.Hackpuc-NewUITests";
				PRODUCT_NAME = "$(TARGET_NAME)";
				TEST_TARGET_NAME = "Hackpuc-New";
				USES_XCTRUNNER = YES;
			};
			name = Debug;
		};
		51553CFD1C1BF9D100424CB8 /* Release */ = {
			isa = XCBuildConfiguration;
			buildSettings = {
				INFOPLIST_FILE = "Hackpuc-NewUITests/Info.plist";
				LD_RUNPATH_SEARCH_PATHS = "$(inherited) @executable_path/Frameworks @loader_path/Frameworks";
				PRODUCT_BUNDLE_IDENTIFIER = "H4CKPUC.Hackpuc-NewUITests";
				PRODUCT_NAME = "$(TARGET_NAME)";
				TEST_TARGET_NAME = "Hackpuc-New";
				USES_XCTRUNNER = YES;
			};
			name = Release;
		};
/* End XCBuildConfiguration section */

/* Begin XCConfigurationList section */
		51553CC81C1BF9D000424CB8 /* Build configuration list for PBXProject "Hackpuc-New" */ = {
			isa = XCConfigurationList;
			buildConfigurations = (
				51553CF31C1BF9D100424CB8 /* Debug */,
				51553CF41C1BF9D100424CB8 /* Release */,
			);
			defaultConfigurationIsVisible = 0;
			defaultConfigurationName = Release;
		};
		51553CF51C1BF9D100424CB8 /* Build configuration list for PBXNativeTarget "Hackpuc-New" */ = {
			isa = XCConfigurationList;
			buildConfigurations = (
				51553CF61C1BF9D100424CB8 /* Debug */,
				51553CF71C1BF9D100424CB8 /* Release */,
			);
			defaultConfigurationIsVisible = 0;
			defaultConfigurationName = Release;
		};
		51553CF81C1BF9D100424CB8 /* Build configuration list for PBXNativeTarget "Hackpuc-NewTests" */ = {
			isa = XCConfigurationList;
			buildConfigurations = (
				51553CF91C1BF9D100424CB8 /* Debug */,
				51553CFA1C1BF9D100424CB8 /* Release */,
			);
			defaultConfigurationIsVisible = 0;
			defaultConfigurationName = Release;
		};
		51553CFB1C1BF9D100424CB8 /* Build configuration list for PBXNativeTarget "Hackpuc-NewUITests" */ = {
			isa = XCConfigurationList;
			buildConfigurations = (
				51553CFC1C1BF9D100424CB8 /* Debug */,
				51553CFD1C1BF9D100424CB8 /* Release */,
			);
			defaultConfigurationIsVisible = 0;
			defaultConfigurationName = Release;
		};
/* End XCConfigurationList section */
	};
	rootObject = 51553CC51C1BF9D000424CB8 /* Project object */;
}
